// !$*UTF8*$!
{
	archiveVersion = 1;
	classes = {
	};
	objectVersion = 46;
	objects = {

/* Begin PBXBuildFile section */
		014DA1EE1F81B98E00D2A42E /* RequestAClubViewController.swift in Sources */ = {isa = PBXBuildFile; fileRef = 014DA1ED1F81B98E00D2A42E /* RequestAClubViewController.swift */; };
		018B2A221F7C161500ECDD18 /* PlannerViewController.swift in Sources */ = {isa = PBXBuildFile; fileRef = 018B2A211F7C161500ECDD18 /* PlannerViewController.swift */; };
		018B2A271F7C1C3C00ECDD18 /* NewAssignmentViewController.swift in Sources */ = {isa = PBXBuildFile; fileRef = 018B2A251F7C1C3C00ECDD18 /* NewAssignmentViewController.swift */; };
		018B2A281F7C1C3C00ECDD18 /* AssignmentTableViewCellViewController.swift in Sources */ = {isa = PBXBuildFile; fileRef = 018B2A261F7C1C3C00ECDD18 /* AssignmentTableViewCellViewController.swift */; };
		01A4826D1F81CCEF00679078 /* EgerianViewController.swift in Sources */ = {isa = PBXBuildFile; fileRef = 01A4826C1F81CCEF00679078 /* EgerianViewController.swift */; };
		84104BC01F4E601C00CCF911 /* ChangeAllTableViewController.swift in Sources */ = {isa = PBXBuildFile; fileRef = 84104BBF1F4E601C00CCF911 /* ChangeAllTableViewController.swift */; };
		84104BC81F4E60A600CCF911 /* ChangeAllTableViewCell.swift in Sources */ = {isa = PBXBuildFile; fileRef = 84104BC71F4E60A600CCF911 /* ChangeAllTableViewCell.swift */; };
		843F23111F6F3DD000376716 /* TeacherTableViewCell.swift in Sources */ = {isa = PBXBuildFile; fileRef = 843F23101F6F3DD000376716 /* TeacherTableViewCell.swift */; };
		844253751F45751E00A8D267 /* InputTableViewController.swift in Sources */ = {isa = PBXBuildFile; fileRef = 844253741F45751E00A8D267 /* InputTableViewController.swift */; };
		844253791F457E3200A8D267 /* InputTableViewCell.swift in Sources */ = {isa = PBXBuildFile; fileRef = 844253781F457E3200A8D267 /* InputTableViewCell.swift */; };
		8453F4611F660A44001B79DE /* InputTopbarViewController.swift in Sources */ = {isa = PBXBuildFile; fileRef = 8453F4601F660A44001B79DE /* InputTopbarViewController.swift */; };
		8463A9331F734E3200C7ED2B /* MapViewController.swift in Sources */ = {isa = PBXBuildFile; fileRef = 8463A9321F734E3200C7ED2B /* MapViewController.swift */; };
		846D2E0F1F1A6432002D52CE /* PeriodCell.swift in Sources */ = {isa = PBXBuildFile; fileRef = 846D2E0E1F1A6432002D52CE /* PeriodCell.swift */; };
		8474E9811F18616300C116C3 /* AppDelegate.swift in Sources */ = {isa = PBXBuildFile; fileRef = 8474E9801F18616300C116C3 /* AppDelegate.swift */; };
		8474E9831F18616300C116C3 /* RootViewController.swift in Sources */ = {isa = PBXBuildFile; fileRef = 8474E9821F18616300C116C3 /* RootViewController.swift */; };
		8474E9851F18616300C116C3 /* DataViewController.swift in Sources */ = {isa = PBXBuildFile; fileRef = 8474E9841F18616300C116C3 /* DataViewController.swift */; };
		8474E9871F18616300C116C3 /* ModelController.swift in Sources */ = {isa = PBXBuildFile; fileRef = 8474E9861F18616300C116C3 /* ModelController.swift */; };
		8474E98A1F18616300C116C3 /* Main.storyboard in Resources */ = {isa = PBXBuildFile; fileRef = 8474E9881F18616300C116C3 /* Main.storyboard */; };
		8474E98C1F18616300C116C3 /* Assets.xcassets in Resources */ = {isa = PBXBuildFile; fileRef = 8474E98B1F18616300C116C3 /* Assets.xcassets */; };
		8474E98F1F18616300C116C3 /* LaunchScreen.storyboard in Resources */ = {isa = PBXBuildFile; fileRef = 8474E98D1F18616300C116C3 /* LaunchScreen.storyboard */; };
		848633D71F4F1D9900F4F94D /* RSBarcodes.framework in Copy Frameworks */ = {isa = PBXBuildFile; fileRef = 848633D31F4F1D2200F4F94D /* RSBarcodes.framework */; settings = {ATTRIBUTES = (CodeSignOnCopy, RemoveHeadersOnCopy, ); }; };
		848633DA1F4F239D00F4F94D /* BarCameraViewController.swift in Sources */ = {isa = PBXBuildFile; fileRef = 848633D91F4F239D00F4F94D /* BarCameraViewController.swift */; };
		848C80D11F68DFDD00ABD614 /* ChangeOneProtocol.swift in Sources */ = {isa = PBXBuildFile; fileRef = 848C80D01F68DFDD00ABD614 /* ChangeOneProtocol.swift */; };
		84B047361F2E5E130060A6CD /* BarcodeViewController.swift in Sources */ = {isa = PBXBuildFile; fileRef = 84B047351F2E5E130060A6CD /* BarcodeViewController.swift */; };
		84C7C3A01F675F5E005B941F /* ChangeOneTableViewController.swift in Sources */ = {isa = PBXBuildFile; fileRef = 84C7C39F1F675F5E005B941F /* ChangeOneTableViewController.swift */; };
		84C7C3A21F675F90005B941F /* ChangeOneRegularTableViewCell.swift in Sources */ = {isa = PBXBuildFile; fileRef = 84C7C3A11F675F90005B941F /* ChangeOneRegularTableViewCell.swift */; };
		84C7C3A41F675F9F005B941F /* ChangeOneP4TableViewCell.swift in Sources */ = {isa = PBXBuildFile; fileRef = 84C7C3A31F675F9F005B941F /* ChangeOneP4TableViewCell.swift */; };
		84C967571F66F933008DC01C /* ChangeAllTopbarViewController.swift in Sources */ = {isa = PBXBuildFile; fileRef = 84C967561F66F933008DC01C /* ChangeAllTopbarViewController.swift */; };
		84C967591F66F991008DC01C /* ChangeOneTopbarViewController.swift in Sources */ = {isa = PBXBuildFile; fileRef = 84C967581F66F991008DC01C /* ChangeOneTopbarViewController.swift */; };
		84E415E91F748EAF00A84023 /* FeedbackViewController.swift in Sources */ = {isa = PBXBuildFile; fileRef = 84E415E81F748EAF00A84023 /* FeedbackViewController.swift */; };
		84E43CC61F68123500A25CB9 /* inputProtocol.swift in Sources */ = {isa = PBXBuildFile; fileRef = 84E43CC51F68123500A25CB9 /* inputProtocol.swift */; };
		84E6E3241F6F1583006B09C5 /* LunchViewController.swift in Sources */ = {isa = PBXBuildFile; fileRef = 84E6E3231F6F1583006B09C5 /* LunchViewController.swift */; };
		84E6E32A1F6F1620006B09C5 /* NewsViewController.swift in Sources */ = {isa = PBXBuildFile; fileRef = 84E6E3291F6F1620006B09C5 /* NewsViewController.swift */; };
		84E6E32C1F6F1632006B09C5 /* DailyViewController.swift in Sources */ = {isa = PBXBuildFile; fileRef = 84E6E32B1F6F1632006B09C5 /* DailyViewController.swift */; };
		84EF4D561F792F3D001CB1A3 /* QRReaderViewController.swift in Sources */ = {isa = PBXBuildFile; fileRef = 84EF4D551F792F3D001CB1A3 /* QRReaderViewController.swift */; };
		84F4FA5C1F76C56300AEB21A /* FriendsTableViewController.swift in Sources */ = {isa = PBXBuildFile; fileRef = 84F4FA5B1F76C56300AEB21A /* FriendsTableViewController.swift */; };
		84F4FA5F1F76E75A00AEB21A /* AddFriendsViewController.swift in Sources */ = {isa = PBXBuildFile; fileRef = 84F4FA5E1F76E75A00AEB21A /* AddFriendsViewController.swift */; };
/* End PBXBuildFile section */

/* Begin PBXContainerItemProxy section */
		848633D21F4F1D2200F4F94D /* PBXContainerItemProxy */ = {
			isa = PBXContainerItemProxy;
			containerPortal = 848633CE1F4F1D2200F4F94D /* RSBarcodes.xcodeproj */;
			proxyType = 2;
			remoteGlobalIDString = D08336371A202E81004EE128;
			remoteInfo = RSBarcodes;
		};
		848633D41F4F1D4900F4F94D /* PBXContainerItemProxy */ = {
			isa = PBXContainerItemProxy;
			containerPortal = 848633CE1F4F1D2200F4F94D /* RSBarcodes.xcodeproj */;
			proxyType = 1;
			remoteGlobalIDString = D08336361A202E81004EE128;
			remoteInfo = RSBarcodes;
		};
/* End PBXContainerItemProxy section */

/* Begin PBXCopyFilesBuildPhase section */
		848633D61F4F1D7100F4F94D /* Copy Frameworks */ = {
			isa = PBXCopyFilesBuildPhase;
			buildActionMask = 2147483647;
			dstPath = "";
			dstSubfolderSpec = 10;
			files = (
				848633D71F4F1D9900F4F94D /* RSBarcodes.framework in Copy Frameworks */,
			);
			name = "Copy Frameworks";
			runOnlyForDeploymentPostprocessing = 0;
		};
/* End PBXCopyFilesBuildPhase section */

/* Begin PBXFileReference section */
		014DA1ED1F81B98E00D2A42E /* RequestAClubViewController.swift */ = {isa = PBXFileReference; lastKnownFileType = sourcecode.swift; path = RequestAClubViewController.swift; sourceTree = "<group>"; };
		018B2A211F7C161500ECDD18 /* PlannerViewController.swift */ = {isa = PBXFileReference; lastKnownFileType = sourcecode.swift; path = PlannerViewController.swift; sourceTree = "<group>"; };
		018B2A251F7C1C3C00ECDD18 /* NewAssignmentViewController.swift */ = {isa = PBXFileReference; fileEncoding = 4; lastKnownFileType = sourcecode.swift; path = NewAssignmentViewController.swift; sourceTree = "<group>"; };
		018B2A261F7C1C3C00ECDD18 /* AssignmentTableViewCellViewController.swift */ = {isa = PBXFileReference; fileEncoding = 4; lastKnownFileType = sourcecode.swift; path = AssignmentTableViewCellViewController.swift; sourceTree = "<group>"; };
		01A4826C1F81CCEF00679078 /* EgerianViewController.swift */ = {isa = PBXFileReference; lastKnownFileType = sourcecode.swift; path = EgerianViewController.swift; sourceTree = "<group>"; };
		84104BBF1F4E601C00CCF911 /* ChangeAllTableViewController.swift */ = {isa = PBXFileReference; fileEncoding = 4; lastKnownFileType = sourcecode.swift; path = ChangeAllTableViewController.swift; sourceTree = "<group>"; };
		84104BC71F4E60A600CCF911 /* ChangeAllTableViewCell.swift */ = {isa = PBXFileReference; fileEncoding = 4; lastKnownFileType = sourcecode.swift; path = ChangeAllTableViewCell.swift; sourceTree = "<group>"; };
		843F23101F6F3DD000376716 /* TeacherTableViewCell.swift */ = {isa = PBXFileReference; lastKnownFileType = sourcecode.swift; path = TeacherTableViewCell.swift; sourceTree = "<group>"; };
		844253741F45751E00A8D267 /* InputTableViewController.swift */ = {isa = PBXFileReference; fileEncoding = 4; lastKnownFileType = sourcecode.swift; path = InputTableViewController.swift; sourceTree = "<group>"; };
		844253781F457E3200A8D267 /* InputTableViewCell.swift */ = {isa = PBXFileReference; fileEncoding = 4; lastKnownFileType = sourcecode.swift; path = InputTableViewCell.swift; sourceTree = "<group>"; };
		8453F4601F660A44001B79DE /* InputTopbarViewController.swift */ = {isa = PBXFileReference; fileEncoding = 4; lastKnownFileType = sourcecode.swift; path = InputTopbarViewController.swift; sourceTree = "<group>"; };
		8463A9321F734E3200C7ED2B /* MapViewController.swift */ = {isa = PBXFileReference; lastKnownFileType = sourcecode.swift; path = MapViewController.swift; sourceTree = "<group>"; };
		846D2E0E1F1A6432002D52CE /* PeriodCell.swift */ = {isa = PBXFileReference; fileEncoding = 4; lastKnownFileType = sourcecode.swift; path = PeriodCell.swift; sourceTree = "<group>"; };
		8474E97D1F18616300C116C3 /* SSA Student.app */ = {isa = PBXFileReference; explicitFileType = wrapper.application; includeInIndex = 0; path = "SSA Student.app"; sourceTree = BUILT_PRODUCTS_DIR; };
		8474E9801F18616300C116C3 /* AppDelegate.swift */ = {isa = PBXFileReference; lastKnownFileType = sourcecode.swift; path = AppDelegate.swift; sourceTree = "<group>"; };
		8474E9821F18616300C116C3 /* RootViewController.swift */ = {isa = PBXFileReference; lastKnownFileType = sourcecode.swift; path = RootViewController.swift; sourceTree = "<group>"; };
		8474E9841F18616300C116C3 /* DataViewController.swift */ = {isa = PBXFileReference; lastKnownFileType = sourcecode.swift; path = DataViewController.swift; sourceTree = "<group>"; };
		8474E9861F18616300C116C3 /* ModelController.swift */ = {isa = PBXFileReference; lastKnownFileType = sourcecode.swift; path = ModelController.swift; sourceTree = "<group>"; };
		8474E9891F18616300C116C3 /* Base */ = {isa = PBXFileReference; lastKnownFileType = file.storyboard; name = Base; path = Base.lproj/Main.storyboard; sourceTree = "<group>"; };
		8474E98B1F18616300C116C3 /* Assets.xcassets */ = {isa = PBXFileReference; lastKnownFileType = folder.assetcatalog; path = Assets.xcassets; sourceTree = "<group>"; };
		8474E98E1F18616300C116C3 /* Base */ = {isa = PBXFileReference; lastKnownFileType = file.storyboard; name = Base; path = Base.lproj/LaunchScreen.storyboard; sourceTree = "<group>"; };
		8474E9901F18616300C116C3 /* Info.plist */ = {isa = PBXFileReference; lastKnownFileType = text.plist.xml; path = Info.plist; sourceTree = "<group>"; };
		848633CE1F4F1D2200F4F94D /* RSBarcodes.xcodeproj */ = {isa = PBXFileReference; lastKnownFileType = "wrapper.pb-project"; name = RSBarcodes.xcodeproj; path = "RSBarcodes_Swift-master/RSBarcodes.xcodeproj"; sourceTree = "<group>"; };
		848633D91F4F239D00F4F94D /* BarCameraViewController.swift */ = {isa = PBXFileReference; fileEncoding = 4; lastKnownFileType = sourcecode.swift; path = BarCameraViewController.swift; sourceTree = "<group>"; };
		848C80D01F68DFDD00ABD614 /* ChangeOneProtocol.swift */ = {isa = PBXFileReference; fileEncoding = 4; lastKnownFileType = sourcecode.swift; path = ChangeOneProtocol.swift; sourceTree = "<group>"; };
		84B047351F2E5E130060A6CD /* BarcodeViewController.swift */ = {isa = PBXFileReference; fileEncoding = 4; lastKnownFileType = sourcecode.swift; path = BarcodeViewController.swift; sourceTree = "<group>"; };
		84C7C39F1F675F5E005B941F /* ChangeOneTableViewController.swift */ = {isa = PBXFileReference; fileEncoding = 4; lastKnownFileType = sourcecode.swift; path = ChangeOneTableViewController.swift; sourceTree = "<group>"; };
		84C7C3A11F675F90005B941F /* ChangeOneRegularTableViewCell.swift */ = {isa = PBXFileReference; fileEncoding = 4; lastKnownFileType = sourcecode.swift; path = ChangeOneRegularTableViewCell.swift; sourceTree = "<group>"; };
		84C7C3A31F675F9F005B941F /* ChangeOneP4TableViewCell.swift */ = {isa = PBXFileReference; fileEncoding = 4; lastKnownFileType = sourcecode.swift; path = ChangeOneP4TableViewCell.swift; sourceTree = "<group>"; };
		84C967561F66F933008DC01C /* ChangeAllTopbarViewController.swift */ = {isa = PBXFileReference; fileEncoding = 4; lastKnownFileType = sourcecode.swift; path = ChangeAllTopbarViewController.swift; sourceTree = "<group>"; };
		84C967581F66F991008DC01C /* ChangeOneTopbarViewController.swift */ = {isa = PBXFileReference; fileEncoding = 4; lastKnownFileType = sourcecode.swift; path = ChangeOneTopbarViewController.swift; sourceTree = "<group>"; };
		84E415E81F748EAF00A84023 /* FeedbackViewController.swift */ = {isa = PBXFileReference; lastKnownFileType = sourcecode.swift; path = FeedbackViewController.swift; sourceTree = "<group>"; };
		84E43CC51F68123500A25CB9 /* inputProtocol.swift */ = {isa = PBXFileReference; fileEncoding = 4; lastKnownFileType = sourcecode.swift; path = inputProtocol.swift; sourceTree = "<group>"; };
		84E6E3231F6F1583006B09C5 /* LunchViewController.swift */ = {isa = PBXFileReference; lastKnownFileType = sourcecode.swift; path = LunchViewController.swift; sourceTree = "<group>"; };
		84E6E3291F6F1620006B09C5 /* NewsViewController.swift */ = {isa = PBXFileReference; lastKnownFileType = sourcecode.swift; path = NewsViewController.swift; sourceTree = "<group>"; };
		84E6E32B1F6F1632006B09C5 /* DailyViewController.swift */ = {isa = PBXFileReference; lastKnownFileType = sourcecode.swift; path = DailyViewController.swift; sourceTree = "<group>"; };
		84EF4D551F792F3D001CB1A3 /* QRReaderViewController.swift */ = {isa = PBXFileReference; lastKnownFileType = sourcecode.swift; path = QRReaderViewController.swift; sourceTree = "<group>"; };
		84F4FA5B1F76C56300AEB21A /* FriendsTableViewController.swift */ = {isa = PBXFileReference; lastKnownFileType = sourcecode.swift; path = FriendsTableViewController.swift; sourceTree = "<group>"; };
		84F4FA5E1F76E75A00AEB21A /* AddFriendsViewController.swift */ = {isa = PBXFileReference; lastKnownFileType = sourcecode.swift; path = AddFriendsViewController.swift; sourceTree = "<group>"; };
/* End PBXFileReference section */

/* Begin PBXFrameworksBuildPhase section */
		8474E97A1F18616300C116C3 /* Frameworks */ = {
			isa = PBXFrameworksBuildPhase;
			buildActionMask = 2147483647;
			files = (
			);
			runOnlyForDeploymentPostprocessing = 0;
		};
/* End PBXFrameworksBuildPhase section */

/* Begin PBXGroup section */
		8474E9741F18616300C116C3 = {
			isa = PBXGroup;
			children = (
				848633CE1F4F1D2200F4F94D /* RSBarcodes.xcodeproj */,
				8474E97F1F18616300C116C3 /* SSA Student */,
				8474E97E1F18616300C116C3 /* Products */,
			);
			sourceTree = "<group>";
		};
		8474E97E1F18616300C116C3 /* Products */ = {
			isa = PBXGroup;
			children = (
				8474E97D1F18616300C116C3 /* SSA Student.app */,
			);
			name = Products;
			sourceTree = "<group>";
		};
		8474E97F1F18616300C116C3 /* SSA Student */ = {
			isa = PBXGroup;
			children = (
				8474E9801F18616300C116C3 /* AppDelegate.swift */,
				8474E9821F18616300C116C3 /* RootViewController.swift */,
				8474E9841F18616300C116C3 /* DataViewController.swift */,
				8474E9861F18616300C116C3 /* ModelController.swift */,
				8474E9881F18616300C116C3 /* Main.storyboard */,
				01A4826C1F81CCEF00679078 /* EgerianViewController.swift */,
				014DA1ED1F81B98E00D2A42E /* RequestAClubViewController.swift */,
				018B2A211F7C161500ECDD18 /* PlannerViewController.swift */,
				018B2A261F7C1C3C00ECDD18 /* AssignmentTableViewCellViewController.swift */,
				018B2A251F7C1C3C00ECDD18 /* NewAssignmentViewController.swift */,
				84F4FA5E1F76E75A00AEB21A /* AddFriendsViewController.swift */,
				84F4FA5B1F76C56300AEB21A /* FriendsTableViewController.swift */,
				84E415E81F748EAF00A84023 /* FeedbackViewController.swift */,
				8463A9321F734E3200C7ED2B /* MapViewController.swift */,
				84E6E3291F6F1620006B09C5 /* NewsViewController.swift */,
				84E6E32B1F6F1632006B09C5 /* DailyViewController.swift */,
				84C7C39F1F675F5E005B941F /* ChangeOneTableViewController.swift */,
				84C7C3A11F675F90005B941F /* ChangeOneRegularTableViewCell.swift */,
				84C7C3A31F675F9F005B941F /* ChangeOneP4TableViewCell.swift */,
				84C967581F66F991008DC01C /* ChangeOneTopbarViewController.swift */,
				84C967561F66F933008DC01C /* ChangeAllTopbarViewController.swift */,
				8453F4601F660A44001B79DE /* InputTopbarViewController.swift */,
				84E43CC51F68123500A25CB9 /* inputProtocol.swift */,
				848C80D01F68DFDD00ABD614 /* ChangeOneProtocol.swift */,
				8474E98B1F18616300C116C3 /* Assets.xcassets */,
				8474E98D1F18616300C116C3 /* LaunchScreen.storyboard */,
				8474E9901F18616300C116C3 /* Info.plist */,
				846D2E0E1F1A6432002D52CE /* PeriodCell.swift */,
				84B047351F2E5E130060A6CD /* BarcodeViewController.swift */,
				844253741F45751E00A8D267 /* InputTableViewController.swift */,
				844253781F457E3200A8D267 /* InputTableViewCell.swift */,
				84104BBF1F4E601C00CCF911 /* ChangeAllTableViewController.swift */,
				84104BC71F4E60A600CCF911 /* ChangeAllTableViewCell.swift */,
				848633D91F4F239D00F4F94D /* BarCameraViewController.swift */,
				84E6E3231F6F1583006B09C5 /* LunchViewController.swift */,
				843F23101F6F3DD000376716 /* TeacherTableViewCell.swift */,
				84EF4D551F792F3D001CB1A3 /* QRReaderViewController.swift */,
			);
			path = "SSA Student";
			sourceTree = "<group>";
		};
		848633CF1F4F1D2200F4F94D /* Products */ = {
			isa = PBXGroup;
			children = (
				848633D31F4F1D2200F4F94D /* RSBarcodes.framework */,
			);
			name = Products;
			sourceTree = "<group>";
		};
/* End PBXGroup section */

/* Begin PBXNativeTarget section */
		8474E97C1F18616300C116C3 /* SSA Student */ = {
			isa = PBXNativeTarget;
			buildConfigurationList = 8474E9A91F18616300C116C3 /* Build configuration list for PBXNativeTarget "SSA Student" */;
			buildPhases = (
				8474E9791F18616300C116C3 /* Sources */,
				8474E97A1F18616300C116C3 /* Frameworks */,
				8474E97B1F18616300C116C3 /* Resources */,
				848633D61F4F1D7100F4F94D /* Copy Frameworks */,
			);
			buildRules = (
			);
			dependencies = (
				848633D51F4F1D4900F4F94D /* PBXTargetDependency */,
			);
			name = "SSA Student";
			productName = Alpha;
			productReference = 8474E97D1F18616300C116C3 /* SSA Student.app */;
			productType = "com.apple.product-type.application";
		};
/* End PBXNativeTarget section */

/* Begin PBXProject section */
		8474E9751F18616300C116C3 /* Project object */ = {
			isa = PBXProject;
			attributes = {
				KnownAssetTags = (
					1,
					2,
				);
				LastSwiftUpdateCheck = 0830;
				LastUpgradeCheck = 0900;
				ORGANIZATIONNAME = admin;
				TargetAttributes = {
					8474E97C1F18616300C116C3 = {
						CreatedOnToolsVersion = 8.3.3;
						DevelopmentTeam = J9JGHQ4T9V;
						ProvisioningStyle = Automatic;
					};
				};
			};
			buildConfigurationList = 8474E9781F18616300C116C3 /* Build configuration list for PBXProject "SSA Student" */;
			compatibilityVersion = "Xcode 3.2";
			developmentRegion = English;
			hasScannedForEncodings = 0;
			knownRegions = (
				en,
				Base,
			);
			mainGroup = 8474E9741F18616300C116C3;
			productRefGroup = 8474E97E1F18616300C116C3 /* Products */;
			projectDirPath = "";
			projectReferences = (
				{
					ProductGroup = 848633CF1F4F1D2200F4F94D /* Products */;
					ProjectRef = 848633CE1F4F1D2200F4F94D /* RSBarcodes.xcodeproj */;
				},
			);
			projectRoot = "";
			targets = (
				8474E97C1F18616300C116C3 /* SSA Student */,
			);
		};
/* End PBXProject section */

/* Begin PBXReferenceProxy section */
		848633D31F4F1D2200F4F94D /* RSBarcodes.framework */ = {
			isa = PBXReferenceProxy;
			fileType = wrapper.framework;
			path = RSBarcodes.framework;
			remoteRef = 848633D21F4F1D2200F4F94D /* PBXContainerItemProxy */;
			sourceTree = BUILT_PRODUCTS_DIR;
		};
/* End PBXReferenceProxy section */

/* Begin PBXResourcesBuildPhase section */
		8474E97B1F18616300C116C3 /* Resources */ = {
			isa = PBXResourcesBuildPhase;
			buildActionMask = 2147483647;
			files = (
				8474E98F1F18616300C116C3 /* LaunchScreen.storyboard in Resources */,
				8474E98C1F18616300C116C3 /* Assets.xcassets in Resources */,
				8474E98A1F18616300C116C3 /* Main.storyboard in Resources */,
			);
			runOnlyForDeploymentPostprocessing = 0;
		};
/* End PBXResourcesBuildPhase section */

/* Begin PBXSourcesBuildPhase section */
		8474E9791F18616300C116C3 /* Sources */ = {
			isa = PBXSourcesBuildPhase;
			buildActionMask = 2147483647;
			files = (
				01A4826D1F81CCEF00679078 /* EgerianViewController.swift in Sources */,
				84C7C3A01F675F5E005B941F /* ChangeOneTableViewController.swift in Sources */,
				844253751F45751E00A8D267 /* InputTableViewController.swift in Sources */,
				84F4FA5C1F76C56300AEB21A /* FriendsTableViewController.swift in Sources */,
				84E6E32A1F6F1620006B09C5 /* NewsViewController.swift in Sources */,
				84E415E91F748EAF00A84023 /* FeedbackViewController.swift in Sources */,
				84C967591F66F991008DC01C /* ChangeOneTopbarViewController.swift in Sources */,
				84C7C3A21F675F90005B941F /* ChangeOneRegularTableViewCell.swift in Sources */,
				8453F4611F660A44001B79DE /* InputTopbarViewController.swift in Sources */,
				843F23111F6F3DD000376716 /* TeacherTableViewCell.swift in Sources */,
				8463A9331F734E3200C7ED2B /* MapViewController.swift in Sources */,
				018B2A221F7C161500ECDD18 /* PlannerViewController.swift in Sources */,
				8474E9831F18616300C116C3 /* RootViewController.swift in Sources */,
				84104BC01F4E601C00CCF911 /* ChangeAllTableViewController.swift in Sources */,
				84EF4D561F792F3D001CB1A3 /* QRReaderViewController.swift in Sources */,
				8474E9871F18616300C116C3 /* ModelController.swift in Sources */,
				84E43CC61F68123500A25CB9 /* inputProtocol.swift in Sources */,
				8474E9851F18616300C116C3 /* DataViewController.swift in Sources */,
				84F4FA5F1F76E75A00AEB21A /* AddFriendsViewController.swift in Sources */,
				84C967571F66F933008DC01C /* ChangeAllTopbarViewController.swift in Sources */,
				84E6E32C1F6F1632006B09C5 /* DailyViewController.swift in Sources */,
				014DA1EE1F81B98E00D2A42E /* RequestAClubViewController.swift in Sources */,
				846D2E0F1F1A6432002D52CE /* PeriodCell.swift in Sources */,
				8474E9811F18616300C116C3 /* AppDelegate.swift in Sources */,
				84104BC81F4E60A600CCF911 /* ChangeAllTableViewCell.swift in Sources */,
				844253791F457E3200A8D267 /* InputTableViewCell.swift in Sources */,
				84B047361F2E5E130060A6CD /* BarcodeViewController.swift in Sources */,
				848C80D11F68DFDD00ABD614 /* ChangeOneProtocol.swift in Sources */,
				018B2A281F7C1C3C00ECDD18 /* AssignmentTableViewCellViewController.swift in Sources */,
				018B2A271F7C1C3C00ECDD18 /* NewAssignmentViewController.swift in Sources */,
				84C7C3A41F675F9F005B941F /* ChangeOneP4TableViewCell.swift in Sources */,
				848633DA1F4F239D00F4F94D /* BarCameraViewController.swift in Sources */,
				84E6E3241F6F1583006B09C5 /* LunchViewController.swift in Sources */,
			);
			runOnlyForDeploymentPostprocessing = 0;
		};
/* End PBXSourcesBuildPhase section */

/* Begin PBXTargetDependency section */
		848633D51F4F1D4900F4F94D /* PBXTargetDependency */ = {
			isa = PBXTargetDependency;
			name = RSBarcodes;
			targetProxy = 848633D41F4F1D4900F4F94D /* PBXContainerItemProxy */;
		};
/* End PBXTargetDependency section */

/* Begin PBXVariantGroup section */
		8474E9881F18616300C116C3 /* Main.storyboard */ = {
			isa = PBXVariantGroup;
			children = (
				8474E9891F18616300C116C3 /* Base */,
			);
			name = Main.storyboard;
			sourceTree = "<group>";
		};
		8474E98D1F18616300C116C3 /* LaunchScreen.storyboard */ = {
			isa = PBXVariantGroup;
			children = (
				8474E98E1F18616300C116C3 /* Base */,
			);
			name = LaunchScreen.storyboard;
			sourceTree = "<group>";
		};
/* End PBXVariantGroup section */

/* Begin XCBuildConfiguration section */
		8474E9A71F18616300C116C3 /* Debug */ = {
			isa = XCBuildConfiguration;
			buildSettings = {
				ALWAYS_SEARCH_USER_PATHS = NO;
				CLANG_ANALYZER_NONNULL = YES;
				CLANG_ANALYZER_NUMBER_OBJECT_CONVERSION = YES_AGGRESSIVE;
				CLANG_CXX_LANGUAGE_STANDARD = "gnu++0x";
				CLANG_CXX_LIBRARY = "libc++";
				CLANG_ENABLE_MODULES = YES;
				CLANG_ENABLE_OBJC_ARC = YES;
				CLANG_WARN_BLOCK_CAPTURE_AUTORELEASING = YES;
				CLANG_WARN_BOOL_CONVERSION = YES;
				CLANG_WARN_COMMA = YES;
				CLANG_WARN_CONSTANT_CONVERSION = YES;
				CLANG_WARN_DIRECT_OBJC_ISA_USAGE = YES_ERROR;
				CLANG_WARN_DOCUMENTATION_COMMENTS = YES;
				CLANG_WARN_EMPTY_BODY = YES;
				CLANG_WARN_ENUM_CONVERSION = YES;
				CLANG_WARN_INFINITE_RECURSION = YES;
				CLANG_WARN_INT_CONVERSION = YES;
				CLANG_WARN_NON_LITERAL_NULL_CONVERSION = YES;
				CLANG_WARN_OBJC_LITERAL_CONVERSION = YES;
				CLANG_WARN_OBJC_ROOT_CLASS = YES_ERROR;
				CLANG_WARN_RANGE_LOOP_ANALYSIS = YES;
				CLANG_WARN_STRICT_PROTOTYPES = YES;
				CLANG_WARN_SUSPICIOUS_MOVE = YES;
				CLANG_WARN_UNREACHABLE_CODE = YES;
				CLANG_WARN__DUPLICATE_METHOD_MATCH = YES;
				"CODE_SIGN_IDENTITY[sdk=iphoneos*]" = "iPhone Developer";
				COPY_PHASE_STRIP = NO;
				DEBUG_INFORMATION_FORMAT = dwarf;
				ENABLE_STRICT_OBJC_MSGSEND = YES;
				ENABLE_TESTABILITY = YES;
				GCC_C_LANGUAGE_STANDARD = gnu99;
				GCC_DYNAMIC_NO_PIC = NO;
				GCC_NO_COMMON_BLOCKS = YES;
				GCC_OPTIMIZATION_LEVEL = 0;
				GCC_PREPROCESSOR_DEFINITIONS = (
					"DEBUG=1",
					"$(inherited)",
				);
				GCC_WARN_64_TO_32_BIT_CONVERSION = YES;
				GCC_WARN_ABOUT_RETURN_TYPE = YES_ERROR;
				GCC_WARN_UNDECLARED_SELECTOR = YES;
				GCC_WARN_UNINITIALIZED_AUTOS = YES_AGGRESSIVE;
				GCC_WARN_UNUSED_FUNCTION = YES;
				GCC_WARN_UNUSED_VARIABLE = YES;
				IPHONEOS_DEPLOYMENT_TARGET = 9.0;
				MTL_ENABLE_DEBUG_INFO = YES;
				ONLY_ACTIVE_ARCH = YES;
				SDKROOT = iphoneos;
				SWIFT_ACTIVE_COMPILATION_CONDITIONS = DEBUG;
				SWIFT_OPTIMIZATION_LEVEL = "-Onone";
			};
			name = Debug;
		};
		8474E9A81F18616300C116C3 /* Release */ = {
			isa = XCBuildConfiguration;
			buildSettings = {
				ALWAYS_SEARCH_USER_PATHS = NO;
				CLANG_ANALYZER_NONNULL = YES;
				CLANG_ANALYZER_NUMBER_OBJECT_CONVERSION = YES_AGGRESSIVE;
				CLANG_CXX_LANGUAGE_STANDARD = "gnu++0x";
				CLANG_CXX_LIBRARY = "libc++";
				CLANG_ENABLE_MODULES = YES;
				CLANG_ENABLE_OBJC_ARC = YES;
				CLANG_WARN_BLOCK_CAPTURE_AUTORELEASING = YES;
				CLANG_WARN_BOOL_CONVERSION = YES;
				CLANG_WARN_COMMA = YES;
				CLANG_WARN_CONSTANT_CONVERSION = YES;
				CLANG_WARN_DIRECT_OBJC_ISA_USAGE = YES_ERROR;
				CLANG_WARN_DOCUMENTATION_COMMENTS = YES;
				CLANG_WARN_EMPTY_BODY = YES;
				CLANG_WARN_ENUM_CONVERSION = YES;
				CLANG_WARN_INFINITE_RECURSION = YES;
				CLANG_WARN_INT_CONVERSION = YES;
				CLANG_WARN_NON_LITERAL_NULL_CONVERSION = YES;
				CLANG_WARN_OBJC_LITERAL_CONVERSION = YES;
				CLANG_WARN_OBJC_ROOT_CLASS = YES_ERROR;
				CLANG_WARN_RANGE_LOOP_ANALYSIS = YES;
				CLANG_WARN_STRICT_PROTOTYPES = YES;
				CLANG_WARN_SUSPICIOUS_MOVE = YES;
				CLANG_WARN_UNREACHABLE_CODE = YES;
				CLANG_WARN__DUPLICATE_METHOD_MATCH = YES;
				"CODE_SIGN_IDENTITY[sdk=iphoneos*]" = "iPhone Developer";
				COPY_PHASE_STRIP = NO;
				DEBUG_INFORMATION_FORMAT = "dwarf-with-dsym";
				ENABLE_NS_ASSERTIONS = NO;
				ENABLE_STRICT_OBJC_MSGSEND = YES;
				GCC_C_LANGUAGE_STANDARD = gnu99;
				GCC_NO_COMMON_BLOCKS = YES;
				GCC_WARN_64_TO_32_BIT_CONVERSION = YES;
				GCC_WARN_ABOUT_RETURN_TYPE = YES_ERROR;
				GCC_WARN_UNDECLARED_SELECTOR = YES;
				GCC_WARN_UNINITIALIZED_AUTOS = YES_AGGRESSIVE;
				GCC_WARN_UNUSED_FUNCTION = YES;
				GCC_WARN_UNUSED_VARIABLE = YES;
				IPHONEOS_DEPLOYMENT_TARGET = 9.0;
				MTL_ENABLE_DEBUG_INFO = NO;
				SDKROOT = iphoneos;
				SWIFT_OPTIMIZATION_LEVEL = "-Owholemodule";
				VALIDATE_PRODUCT = YES;
			};
			name = Release;
		};
		8474E9AA1F18616300C116C3 /* Debug */ = {
			isa = XCBuildConfiguration;
			buildSettings = {
				ASSETCATALOG_COMPILER_APPICON_NAME = AppIcon;
				"CODE_SIGN_IDENTITY[sdk=iphoneos*]" = "iPhone Developer";
				CODE_SIGN_STYLE = Automatic;
				DEVELOPMENT_TEAM = J9JGHQ4T9V;
				INFOPLIST_FILE = "SSA Student/Info.plist";
				IPHONEOS_DEPLOYMENT_TARGET = 9.0;
				LD_RUNPATH_SEARCH_PATHS = "$(inherited) @executable_path/Frameworks";
				PRODUCT_BUNDLE_IDENTIFIER = com.nickzanamedia.SSAStudent;
				PRODUCT_NAME = "$(TARGET_NAME)";
				PROVISIONING_PROFILE_SPECIFIER = "";
				SWIFT_VERSION = 3.0;
			};
			name = Debug;
		};
		8474E9AB1F18616300C116C3 /* Release */ = {
			isa = XCBuildConfiguration;
			buildSettings = {
				ASSETCATALOG_COMPILER_APPICON_NAME = AppIcon;
				"CODE_SIGN_IDENTITY[sdk=iphoneos*]" = "iPhone Developer";
				CODE_SIGN_STYLE = Automatic;
				DEVELOPMENT_TEAM = J9JGHQ4T9V;
				INFOPLIST_FILE = "SSA Student/Info.plist";
				IPHONEOS_DEPLOYMENT_TARGET = 9.0;
				LD_RUNPATH_SEARCH_PATHS = "$(inherited) @executable_path/Frameworks";
				PRODUCT_BUNDLE_IDENTIFIER = com.nickzanamedia.SSAStudent;
				PRODUCT_NAME = "$(TARGET_NAME)";
				PROVISIONING_PROFILE_SPECIFIER = "";
				SWIFT_VERSION = 3.0;
			};
			name = Release;
		};
/* End XCBuildConfiguration section */

/* Begin XCConfigurationList section */
		8474E9781F18616300C116C3 /* Build configuration list for PBXProject "SSA Student" */ = {
			isa = XCConfigurationList;
			buildConfigurations = (
				8474E9A71F18616300C116C3 /* Debug */,
				8474E9A81F18616300C116C3 /* Release */,
			);
			defaultConfigurationIsVisible = 0;
			defaultConfigurationName = Release;
		};
		8474E9A91F18616300C116C3 /* Build configuration list for PBXNativeTarget "SSA Student" */ = {
			isa = XCConfigurationList;
			buildConfigurations = (
				8474E9AA1F18616300C116C3 /* Debug */,
				8474E9AB1F18616300C116C3 /* Release */,
			);
			defaultConfigurationIsVisible = 0;
			defaultConfigurationName = Release;
		};
/* End XCConfigurationList section */
	};
	rootObject = 8474E9751F18616300C116C3 /* Project object */;
}
